
Microsoft Visual Studio Solution File, Format Version 12.00
# Visual Studio Version 17
VisualStudioVersion = 17.11.35327.3
MinimumVisualStudioVersion = 10.0.40219.1
Project("{FAE04EC0-301F-11D3-BF4B-00C04F79EFBC}") = "Assignment 5.1.3", "Assignment 5.1.3.csproj", "{D0B30B1C-BC85-463B-ABC5-C0CABA352D9D}"
EndProject
Global
	GlobalSection(SolutionConfigurationPlatforms) = preSolution
		Debug|Any CPU = Debug|Any CPU
		Release|Any CPU = Release|Any CPU
	EndGlobalSection
	GlobalSection(ProjectConfigurationPlatforms) = postSolution
		{D0B30B1C-BC85-463B-ABC5-C0CABA352D9D}.Debug|Any CPU.ActiveCfg = Debug|Any CPU
		{D0B30B1C-BC85-463B-ABC5-C0CABA352D9D}.Debug|Any CPU.Build.0 = Debug|Any CPU
		{D0B30B1C-BC85-463B-ABC5-C0CABA352D9D}.Release|Any CPU.ActiveCfg = Release|Any CPU
		{D0B30B1C-BC85-463B-ABC5-C0CABA352D9D}.Release|Any CPU.Build.0 = Release|Any CPU
	EndGlobalSection
	GlobalSection(SolutionProperties) = preSolution
		HideSolutionNode = FALSE
	EndGlobalSection
	GlobalSection(ExtensibilityGlobals) = postSolution
		SolutionGuid = {E1685011-BF1A-40F5-AAC4-C49AEF72ACF6}
	EndGlobalSection
EndGlobal
